<?xml version="1.0" encoding="utf-8"?>
<Project ToolsVersion="4.0" xmlns="http://schemas.microsoft.com/developer/msbuild/2003">
  <ItemGroup>
    <Filter Include="Headers">
      <UniqueIdentifier>{ad142c04-33e6-4618-90cb-1c8fe04dd627}</UniqueIdentifier>
      <Extensions>h;hpp;hxx;hm;inl</Extensions>
    </Filter>
    <Filter Include="Src">
      <UniqueIdentifier>{6e4fdf95-f1a8-4703-adb3-ced789676753}</UniqueIdentifier>
      <Extensions>cpp;c;cxx;rc;def;r;odl;idl;hpj;bat</Extensions>
    </Filter>
  </ItemGroup>
  <ItemGroup>
    <ClCompile Include="ODBCTracer.cpp">
      <Filter>Src</Filter>
    </ClCompile>
    <ClCompile Include="StdAfx.cpp">
      <Filter>Src</Filter>
    </ClCompile>
  </ItemGroup>
  <ItemGroup>
    <None Include="ODBCTracer.def">
      <Filter>Src</Filter>
    </None>
  </ItemGroup>
  <ItemGroup>
    <ClInclude Include="ODBCTracer.h">
      <Filter>Headers</Filter>
    </ClInclude>
    <ClInclude Include="StdAfx.h">
      <Filter>Headers</Filter>
    </ClInclude>
  </ItemGroup>
</Project>